
Microsoft Visual Studio Solution File, Format Version 12.00
# Visual Studio 15
VisualStudioVersion = 15.0.26430.13
MinimumVisualStudioVersion = 10.0.40219.1
Project("{2150E333-8FDC-42A3-9474-1A3956D46DE8}") = "src", "src", "{BA7DE966-6B31-40C3-9CB3-89A4F7132B7D}"
EndProject
Project("{2150E333-8FDC-42A3-9474-1A3956D46DE8}") = "Solution Items", "Solution Items", "{FE829364-DCF3-459A-9C36-47491B11ACDA}"
<<<<<<< HEAD
	ProjectSection(SolutionItems) = preProject
		global.json = global.json
		README.md = README.md
	EndProjectSection
=======
>>>>>>> f32801af895ab2219f934848faee8f01f1eb3067
EndProject
Project("{2150E333-8FDC-42A3-9474-1A3956D46DE8}") = "Frameworks", "Frameworks", "{C83CFDED-605D-4C0B-B910-AD4760E0B666}"
EndProject
Project("{9A19103F-16F7-4668-BE54-9A1E7A4F7556}") = "LindCore", "src\LindCore\LindCore.csproj", "{6665399E-CB10-40F6-A23C-6724146504F3}"
EndProject
Project("{9A19103F-16F7-4668-BE54-9A1E7A4F7556}") = "LindCore.Repositories.EF", "src\LindCore.Repositories.EF\LindCore.Repositories.EF.csproj", "{1FE4AD74-3E59-4AB7-B4A8-7CDF9B4796CC}"
EndProject
Project("{9A19103F-16F7-4668-BE54-9A1E7A4F7556}") = "LindCore.Test", "src\LindCore.Test\LindCore.Test.csproj", "{413267EA-2AA7-4DE4-9DA0-5CEF323938BB}"
EndProject
Project("{9A19103F-16F7-4668-BE54-9A1E7A4F7556}") = "LindCore.Repositories.MongoDB", "src\LindCore.Repositories.MongoDB\LindCore.Repositories.MongoDB.csproj", "{F4498D2C-9508-48FE-A5BF-05C5BA258E79}"
EndProject
Project("{9A19103F-16F7-4668-BE54-9A1E7A4F7556}") = "LindCore.Repositories.Dapper", "src\LindCore.Repositories.Dapper\LindCore.Repositories.Dapper.csproj", "{C682AF05-C2F9-46C2-83B2-ADC96003EBD3}"
EndProject
Project("{9A19103F-16F7-4668-BE54-9A1E7A4F7556}") = "LindCore.Manager", "src\LindCore.Manager\LindCore.Manager.csproj", "{435427E5-CDA6-4E51-83C3-95C1D63D15C6}"
EndProject
Project("{9A19103F-16F7-4668-BE54-9A1E7A4F7556}") = "LindCore.TestClient", "src\LindCore.TestClient\LindCore.TestClient.csproj", "{2C1EFD1E-94CB-4EB6-AE52-E24D567F4286}"
EndProject
Project("{9A19103F-16F7-4668-BE54-9A1E7A4F7556}") = "LindCore.Repositories.Memory", "src\LindCore.Repositories.Memory\LindCore.Repositories.Memory.csproj", "{3504F6BF-BDCA-4222-9806-975A0BDC4EC8}"
EndProject
Project("{2150E333-8FDC-42A3-9474-1A3956D46DE8}") = "cli-windows", "cli-windows", "{08091653-BCF4-417C-B254-AEF6F9D2A966}"
	ProjectSection(SolutionItems) = preProject
		cli-windows\build-all.ps1 = cli-windows\build-all.ps1
		cli-windows\build-test.ps1 = cli-windows\build-test.ps1
	EndProjectSection
EndProject
Global
	GlobalSection(SolutionConfigurationPlatforms) = preSolution
		Debug|Any CPU = Debug|Any CPU
		Release|Any CPU = Release|Any CPU
	EndGlobalSection
	GlobalSection(ProjectConfigurationPlatforms) = postSolution
		{6665399E-CB10-40F6-A23C-6724146504F3}.Debug|Any CPU.ActiveCfg = Debug|Any CPU
		{6665399E-CB10-40F6-A23C-6724146504F3}.Debug|Any CPU.Build.0 = Debug|Any CPU
		{6665399E-CB10-40F6-A23C-6724146504F3}.Release|Any CPU.ActiveCfg = Release|Any CPU
		{6665399E-CB10-40F6-A23C-6724146504F3}.Release|Any CPU.Build.0 = Release|Any CPU
		{1FE4AD74-3E59-4AB7-B4A8-7CDF9B4796CC}.Debug|Any CPU.ActiveCfg = Debug|Any CPU
		{1FE4AD74-3E59-4AB7-B4A8-7CDF9B4796CC}.Debug|Any CPU.Build.0 = Debug|Any CPU
		{1FE4AD74-3E59-4AB7-B4A8-7CDF9B4796CC}.Release|Any CPU.ActiveCfg = Release|Any CPU
		{1FE4AD74-3E59-4AB7-B4A8-7CDF9B4796CC}.Release|Any CPU.Build.0 = Release|Any CPU
		{413267EA-2AA7-4DE4-9DA0-5CEF323938BB}.Debug|Any CPU.ActiveCfg = Debug|Any CPU
		{413267EA-2AA7-4DE4-9DA0-5CEF323938BB}.Debug|Any CPU.Build.0 = Debug|Any CPU
		{413267EA-2AA7-4DE4-9DA0-5CEF323938BB}.Release|Any CPU.ActiveCfg = Release|Any CPU
		{413267EA-2AA7-4DE4-9DA0-5CEF323938BB}.Release|Any CPU.Build.0 = Release|Any CPU
		{F4498D2C-9508-48FE-A5BF-05C5BA258E79}.Debug|Any CPU.ActiveCfg = Debug|Any CPU
		{F4498D2C-9508-48FE-A5BF-05C5BA258E79}.Debug|Any CPU.Build.0 = Debug|Any CPU
		{F4498D2C-9508-48FE-A5BF-05C5BA258E79}.Release|Any CPU.ActiveCfg = Release|Any CPU
		{F4498D2C-9508-48FE-A5BF-05C5BA258E79}.Release|Any CPU.Build.0 = Release|Any CPU
		{C682AF05-C2F9-46C2-83B2-ADC96003EBD3}.Debug|Any CPU.ActiveCfg = Debug|Any CPU
		{C682AF05-C2F9-46C2-83B2-ADC96003EBD3}.Debug|Any CPU.Build.0 = Debug|Any CPU
		{C682AF05-C2F9-46C2-83B2-ADC96003EBD3}.Release|Any CPU.ActiveCfg = Release|Any CPU
		{C682AF05-C2F9-46C2-83B2-ADC96003EBD3}.Release|Any CPU.Build.0 = Release|Any CPU
		{435427E5-CDA6-4E51-83C3-95C1D63D15C6}.Debug|Any CPU.ActiveCfg = Debug|Any CPU
		{435427E5-CDA6-4E51-83C3-95C1D63D15C6}.Debug|Any CPU.Build.0 = Debug|Any CPU
		{435427E5-CDA6-4E51-83C3-95C1D63D15C6}.Release|Any CPU.ActiveCfg = Release|Any CPU
		{435427E5-CDA6-4E51-83C3-95C1D63D15C6}.Release|Any CPU.Build.0 = Release|Any CPU
		{2C1EFD1E-94CB-4EB6-AE52-E24D567F4286}.Debug|Any CPU.ActiveCfg = Debug|Any CPU
		{2C1EFD1E-94CB-4EB6-AE52-E24D567F4286}.Debug|Any CPU.Build.0 = Debug|Any CPU
		{2C1EFD1E-94CB-4EB6-AE52-E24D567F4286}.Release|Any CPU.ActiveCfg = Release|Any CPU
		{2C1EFD1E-94CB-4EB6-AE52-E24D567F4286}.Release|Any CPU.Build.0 = Release|Any CPU
		{3504F6BF-BDCA-4222-9806-975A0BDC4EC8}.Debug|Any CPU.ActiveCfg = Debug|Any CPU
		{3504F6BF-BDCA-4222-9806-975A0BDC4EC8}.Debug|Any CPU.Build.0 = Debug|Any CPU
		{3504F6BF-BDCA-4222-9806-975A0BDC4EC8}.Release|Any CPU.ActiveCfg = Release|Any CPU
		{3504F6BF-BDCA-4222-9806-975A0BDC4EC8}.Release|Any CPU.Build.0 = Release|Any CPU
	EndGlobalSection
	GlobalSection(SolutionProperties) = preSolution
		HideSolutionNode = FALSE
	EndGlobalSection
	GlobalSection(NestedProjects) = preSolution
		{C83CFDED-605D-4C0B-B910-AD4760E0B666} = {BA7DE966-6B31-40C3-9CB3-89A4F7132B7D}
		{6665399E-CB10-40F6-A23C-6724146504F3} = {C83CFDED-605D-4C0B-B910-AD4760E0B666}
		{1FE4AD74-3E59-4AB7-B4A8-7CDF9B4796CC} = {C83CFDED-605D-4C0B-B910-AD4760E0B666}
		{413267EA-2AA7-4DE4-9DA0-5CEF323938BB} = {BA7DE966-6B31-40C3-9CB3-89A4F7132B7D}
		{F4498D2C-9508-48FE-A5BF-05C5BA258E79} = {C83CFDED-605D-4C0B-B910-AD4760E0B666}
		{C682AF05-C2F9-46C2-83B2-ADC96003EBD3} = {C83CFDED-605D-4C0B-B910-AD4760E0B666}
		{435427E5-CDA6-4E51-83C3-95C1D63D15C6} = {BA7DE966-6B31-40C3-9CB3-89A4F7132B7D}
		{2C1EFD1E-94CB-4EB6-AE52-E24D567F4286} = {BA7DE966-6B31-40C3-9CB3-89A4F7132B7D}
		{3504F6BF-BDCA-4222-9806-975A0BDC4EC8} = {C83CFDED-605D-4C0B-B910-AD4760E0B666}
	EndGlobalSection
EndGlobal
